{
  "version": 1,
  "dependencies": {
    "net8.0": {
      "coverlet.collector": {
        "type": "Direct",
        "requested": "[6.0.2, )",
        "resolved": "6.0.2",
        "contentHash": "bJShQ6uWRTQ100ZeyiMqcFlhP7WJ+bCuabUs885dJiBEzMsJMSFr7BOyeCw4rgvQokteGi5rKQTlkhfQPUXg2A=="
      },
      "Microsoft.AspNetCore.Http": {
        "type": "Direct",
        "requested": "[2.2.2, )",
        "resolved": "2.2.2",
        "contentHash": "BAibpoItxI5puk7YJbIGj95arZueM8B8M5xT1fXBn3hb3L2G3ucrZcYXv1gXdaroLbntUs8qeV8iuBrpjQsrKw==",
        "dependencies": {
          "Microsoft.AspNetCore.Http.Abstractions": "2.2.0",
          "Microsoft.AspNetCore.WebUtilities": "2.2.0",
          "Microsoft.Extensions.ObjectPool": "2.2.0",
          "Microsoft.Extensions.Options": "2.2.0",
          "Microsoft.Net.Http.Headers": "2.2.0"
        }
      },
      "Microsoft.Extensions.DependencyInjection": {
        "type": "Direct",
        "requested": "[8.0.0, )",
        "resolved": "8.0.0",
        "contentHash": "V8S3bsm50ig6JSyrbcJJ8bW2b9QLGouz+G1miK3UTaOWmMtFwNNNzUf4AleyDWUmTrWMLNnFSLEQtxmxgNQnNQ==",
        "dependencies": {
          "Microsoft.Extensions.DependencyInjection.Abstractions": "8.0.0"
        }
      },
      "Microsoft.NET.Test.Sdk": {
        "type": "Direct",
        "requested": "[17.11.0, )",
        "resolved": "17.11.0",
        "contentHash": "fH7P0LihMXgnlNLtrXGetHd30aQcD+YrSbWXbCPBnrypdRApPgNqd/TgncTlSVY1bbLYdnvpBgts2dcnK37GzA==",
        "dependencies": {
          "Microsoft.CodeCoverage": "17.11.0",
          "Microsoft.TestPlatform.TestHost": "17.11.0"
        }
      },
      "Moq": {
        "type": "Direct",
        "requested": "[4.20.70, )",
        "resolved": "4.20.70",
        "contentHash": "4rNnAwdpXJBuxqrOCzCyICXHSImOTRktCgCWXWykuF1qwoIsVvEnR7PjbMk/eLOxWvhmj5Kwt+kDV3RGUYcNwg==",
        "dependencies": {
          "Castle.Core": "5.1.1"
        }
      },
      "xunit": {
        "type": "Direct",
        "requested": "[2.9.0, )",
        "resolved": "2.9.0",
        "contentHash": "PtU3rZ0ThdmdJqTbK7GkgFf6iBaCR6Q0uvJHznID+XEYk2v6O/b7sRxqnbi3B2gRDXxjTqMkVNayzwsqsFUxRw==",
        "dependencies": {
          "xunit.analyzers": "1.15.0",
          "xunit.assert": "2.9.0",
          "xunit.core": "[2.9.0]"
        }
      },
      "xunit.runner.visualstudio": {
        "type": "Direct",
        "requested": "[2.8.2, )",
        "resolved": "2.8.2",
        "contentHash": "vm1tbfXhFmjFMUmS4M0J0ASXz3/U5XvXBa6DOQUL3fEz4Vt6YPhv+ESCarx6M6D+9kJkJYZKCNvJMas1+nVfmQ=="
      },
      "Azure.Core": {
        "type": "Transitive",
        "resolved": "1.40.0",
        "contentHash": "eOx6wk3kQ3SCnoAj7IytAu/d99l07PdarmUc+RmMkVOTkcQ3s+UQEaGzMyEqC2Ua4SKnOW4Xw/klLeB5V2PiSA==",
        "dependencies": {
          "Microsoft.Bcl.AsyncInterfaces": "1.1.1",
          "System.ClientModel": "1.0.0",
          "System.Diagnostics.DiagnosticSource": "6.0.1",
          "System.Memory.Data": "1.0.2",
          "System.Numerics.Vectors": "4.5.0",
          "System.Text.Encodings.Web": "4.7.2",
          "System.Text.Json": "4.7.2",
          "System.Threading.Tasks.Extensions": "4.5.4"
        }
      },
      "Azure.Core.Amqp": {
        "type": "Transitive",
        "resolved": "1.2.0",
        "contentHash": "vrF4isvhwdZspzorLwYhukXz3DA8/ONSnZUIBAqBtOCzsDNUgAsuILbCzvtDrn2oDxyq7DZx5Nh81pe0BeWmDQ==",
        "dependencies": {
          "System.Memory": "4.5.4"
        }
      },
      "Azure.Identity": {
        "type": "Transitive",
        "resolved": "1.12.0",
        "contentHash": "OBIM3aPz8n9oEO5fdnee+Vsc5Nl4W3FeslPpESyDiyByntQI5BAa76KD60eFXm9ulevnwxGZP9YXL8Y+paI5Uw==",
        "dependencies": {
          "Azure.Core": "1.40.0",
          "Microsoft.Identity.Client": "4.61.3",
          "Microsoft.Identity.Client.Extensions.Msal": "4.61.3",
          "System.Memory": "4.5.4",
          "System.Security.Cryptography.ProtectedData": "4.7.0",
          "System.Text.Json": "4.7.2",
          "System.Threading.Tasks.Extensions": "4.5.4"
        }
      },
      "Azure.Messaging.EventHubs": {
        "type": "Transitive",
        "resolved": "5.7.5",
        "contentHash": "3tMUf5/J0+vbZxFvWBX6dBlxKBxvFz3ka8OcSvX4/rDA3Mvz2PTW5w01dYi3af6uJUvyZD5DiEx9p7GNFqW0oQ==",
        "dependencies": {
          "Azure.Core": "1.26.0",
          "Azure.Core.Amqp": "1.2.0",
          "Microsoft.Azure.Amqp": "2.5.12",
          "Microsoft.Bcl.AsyncInterfaces": "1.1.1",
          "System.Diagnostics.DiagnosticSource": "4.6.0",
          "System.Memory.Data": "1.0.2",
          "System.Reflection.TypeExtensions": "4.7.0",
          "System.Threading.Channels": "4.7.1",
          "System.Threading.Tasks.Extensions": "4.5.4"
        }
      },
      "Castle.Core": {
        "type": "Transitive",
        "resolved": "5.1.1",
        "contentHash": "rpYtIczkzGpf+EkZgDr9CClTdemhsrwA/W5hMoPjLkRFnXzH44zDLoovXeKtmxb1ykXK9aJVODSpiJml8CTw2g==",
        "dependencies": {
          "System.Diagnostics.EventLog": "6.0.0"
        }
      },
      "Google.Protobuf": {
        "type": "Transitive",
        "resolved": "3.25.2",
        "contentHash": "g/xIIeLhR77bl4ajGGbPYRmZf5acJlCRaSBqUnU8+2aQYREnZnv+UccRNndHof4mWO1ORS0b5i6on40VOjBpsg=="
      },
      "Grpc.Core.Api": {
        "type": "Transitive",
        "resolved": "2.60.0",
        "contentHash": "VWah+8dGJhhsay5BQ/Ljq6GYDWj0lSjdzqyoBgUQhXTbBqhs+q5dRFROKxI1xxzlL4pfUO45cf/y+KnHVFG9ew=="
      },
      "Grpc.Net.Client": {
        "type": "Transitive",
        "resolved": "2.60.0",
        "contentHash": "J9U96gjZHOcqSgAThg9vZZhLsbTD005bUggPtMP/RVQnGc3+tQJTpkRUCJtJWq9cykNydsRVoyU38TjPP/VJ4A==",
        "dependencies": {
          "Grpc.Net.Common": "2.60.0",
          "Microsoft.Extensions.Logging.Abstractions": "6.0.0"
        }
      },
      "Grpc.Net.ClientFactory": {
        "type": "Transitive",
        "resolved": "2.60.0",
        "contentHash": "lCUZjbv6TtI1FbOUE593PLCkXqW2Yrf3KsFfzxIMdJ54o4ELwCEQ26xjfrm+hMTefiXxvXf9FO7zL1rGLWWSig==",
        "dependencies": {
          "Grpc.Net.Client": "2.60.0",
          "Microsoft.Extensions.Http": "6.0.0"
        }
      },
      "Grpc.Net.Common": {
        "type": "Transitive",
        "resolved": "2.60.0",
        "contentHash": "Y/917aplgD1RA0q1cd9WpnMGyl9Luu3WZl6ZMpPvNQwg2TNw/3uXUDSriDBybeCtxnKUCtxUcWO3WsVkhM1DcA==",
        "dependencies": {
          "Grpc.Core.Api": "2.60.0"
        }
      },
      "Microsoft.AspNetCore.Http.Abstractions": {
        "type": "Transitive",
        "resolved": "2.2.0",
        "contentHash": "Nxs7Z1q3f1STfLYKJSVXCs1iBl+Ya6E8o4Oy1bCxJ/rNI44E/0f6tbsrVqAWfB7jlnJfyaAtIalBVxPKUPQb4Q==",
        "dependencies": {
          "Microsoft.AspNetCore.Http.Features": "2.2.0",
          "System.Text.Encodings.Web": "4.5.0"
        }
      },
      "Microsoft.AspNetCore.Http.Features": {
        "type": "Transitive",
        "resolved": "2.2.0",
        "contentHash": "ziFz5zH8f33En4dX81LW84I6XrYXKf9jg6aM39cM+LffN9KJahViKZ61dGMSO2gd3e+qe5yBRwsesvyqlZaSMg==",
        "dependencies": {
          "Microsoft.Extensions.Primitives": "2.2.0"
        }
      },
      "Microsoft.AspNetCore.WebUtilities": {
        "type": "Transitive",
        "resolved": "2.2.0",
        "contentHash": "9ErxAAKaDzxXASB/b5uLEkLgUWv1QbeVxyJYEHQwMaxXOeFFVkQxiq8RyfVcifLU7NR0QY0p3acqx4ZpYfhHDg==",
        "dependencies": {
          "Microsoft.Net.Http.Headers": "2.2.0",
          "System.Text.Encodings.Web": "4.5.0"
        }
      },
      "Microsoft.Azure.Amqp": {
        "type": "Transitive",
        "resolved": "2.5.12",
        "contentHash": "0SlEl+TSQdpjXWf9/37dXWAa0zk6R1EJKmGtGZeKUAH7WEQpJOWMxJ9I43igcBCnTkFwa28CdPnpSCjFZVQlkw=="
      },
      "Microsoft.Azure.Functions.Worker": {
        "type": "Transitive",
        "resolved": "1.22.0",
        "contentHash": "NyzBLZ2exCe4Crx6P5NRqnqMFt9i1VfGDRemeIkwZ8r9pRGksZuW1cArklOox2gLxCVX5rrzQBNfTJbF4lzAxw==",
        "dependencies": {
          "Azure.Core": "1.37.0",
          "Microsoft.Azure.Functions.Worker.Core": "1.18.0",
          "Microsoft.Azure.Functions.Worker.Grpc": "1.16.0",
          "Microsoft.Extensions.Hosting": "5.0.0",
          "Microsoft.Extensions.Hosting.Abstractions": "5.0.0"
        }
      },
      "Microsoft.Azure.Functions.Worker.Core": {
        "type": "Transitive",
        "resolved": "1.18.0",
        "contentHash": "AFHJMjPB7JhwnWnGFbroSGMRa5ertGrG6j9DcCzpto3YmjrM29BasD9zLekAniRjZHqBMF0sSsTm1aq/cKdVKQ==",
        "dependencies": {
          "Azure.Core": "1.37.0",
          "Microsoft.Extensions.Hosting": "5.0.0",
          "Microsoft.Extensions.Hosting.Abstractions": "5.0.0",
          "System.Collections.Immutable": "5.0.0",
          "System.Diagnostics.DiagnosticSource": "7.0.0"
        }
      },
      "Microsoft.Azure.Functions.Worker.Extensions.Abstractions": {
        "type": "Transitive",
        "resolved": "1.3.0",
        "contentHash": "+6+/Yb/ouWUweaSQhesbbiIVSmwYEzkSfjIHrBnNqIiCYnx2iLeoYyWjN/wHP3Fnn5COtyDXRDwHKr5A/tCL9Q=="
      },
      "Microsoft.Azure.Functions.Worker.Extensions.Http": {
        "type": "Transitive",
        "resolved": "3.2.0",
        "contentHash": "TC1xa/s1hZ97ertSh0+qZVjeXB632ObjsuVEhytND32kLfJhT7u+AiBunvdACgn6r0WOZeLIa/BZPA7qovFxiw==",
        "dependencies": {
          "Microsoft.Azure.Functions.Worker.Core": "1.18.0",
          "Microsoft.Azure.Functions.Worker.Extensions.Abstractions": "1.3.0"
        }
      },
      "Microsoft.Azure.Functions.Worker.Extensions.Http.AspNetCore": {
        "type": "Transitive",
        "resolved": "1.3.2",
        "contentHash": "46XoRpXWeavwdg7nJt6AmcfowIOsx8AwQAeaszyqKQ/wXxvarEXGdJtkmu1+ooL6ugk4+BAqJ5FKE80kiDYWOA==",
        "dependencies": {
          "Microsoft.Azure.Functions.Worker": "1.22.0",
          "Microsoft.Azure.Functions.Worker.Extensions.Abstractions": "1.3.0",
          "Microsoft.Azure.Functions.Worker.Extensions.Http": "3.2.0",
          "Microsoft.Azure.Functions.Worker.Extensions.Http.AspNetCore.Analyzers": "1.0.2"
        }
      },
      "Microsoft.Azure.Functions.Worker.Extensions.Http.AspNetCore.Analyzers": {
        "type": "Transitive",
        "resolved": "1.0.2",
        "contentHash": "PrB2dW3LiEn3RdWyLMVQ5U6K497GMwu7TJxfakvV6OYP7nc3kbhDs0ekEtC4TfMcOMzz2B6Y8JTN4ofM2jQ9wQ=="
      },
      "Microsoft.Azure.Functions.Worker.Grpc": {
        "type": "Transitive",
        "resolved": "1.16.0",
        "contentHash": "B4GhvNzH4w2pABkL1NbZikcxNSgKknUqqpO0zS488torBOe8AS6JOt4lgGFEe2Lzybkc8/fh7tVFbvkKN4EddA==",
        "dependencies": {
          "Azure.Core": "1.37.0",
          "Google.Protobuf": "3.25.2",
          "Grpc.Net.Client": "2.60.0",
          "Grpc.Net.ClientFactory": "2.60.0",
          "Microsoft.Azure.Functions.Worker.Core": "1.17.0",
          "Microsoft.Azure.Functions.Worker.Extensions.Abstractions": "1.3.0",
          "Microsoft.Extensions.Hosting": "5.0.0",
          "Microsoft.Extensions.Hosting.Abstractions": "5.0.0"
        }
      },
      "Microsoft.Bcl.AsyncInterfaces": {
        "type": "Transitive",
        "resolved": "1.1.1",
        "contentHash": "yuvf07qFWFqtK3P/MRkEKLhn5r2UbSpVueRziSqj0yJQIKFwG1pq9mOayK3zE5qZCTs0CbrwL9M6R8VwqyGy2w=="
      },
      "Microsoft.CodeCoverage": {
        "type": "Transitive",
        "resolved": "17.11.0",
        "contentHash": "QKcOSuw7MZG4XiQ+pCj+Ib6amOwoRDEO7e3DbxqXeOPXSnfyGXYoZQI8I140s1mKQVn1Vh+c5WlKvCvlgMovpg=="
      },
      "Microsoft.Extensions.Azure": {
        "type": "Transitive",
        "resolved": "1.6.0",
        "contentHash": "Lv1sN8CJi5KuR2WDxLvonJMocTPIsGGFZfk0JZUBK3bWP2TsKwHAKHLIJjID2bAkelFfyalq0nPSB9716db2sA==",
        "dependencies": {
          "Azure.Core": "1.25.0",
          "Azure.Identity": "1.7.0",
          "Microsoft.Extensions.Configuration.Abstractions": "2.1.0",
          "Microsoft.Extensions.Configuration.Binder": "2.1.0",
          "Microsoft.Extensions.DependencyInjection.Abstractions": "2.1.0",
          "Microsoft.Extensions.Logging.Abstractions": "2.1.0",
          "Microsoft.Extensions.Options": "2.1.0"
        }
      },
      "Microsoft.Extensions.Configuration": {
        "type": "Transitive",
        "resolved": "5.0.0",
        "contentHash": "LN322qEKHjuVEhhXueTUe7RNePooZmS8aGid5aK2woX3NPjSnONFyKUc6+JknOS6ce6h2tCLfKPTBXE3mN/6Ag==",
        "dependencies": {
          "Microsoft.Extensions.Configuration.Abstractions": "5.0.0",
          "Microsoft.Extensions.Primitives": "5.0.0"
        }
      },
      "Microsoft.Extensions.Configuration.Abstractions": {
        "type": "Transitive",
        "resolved": "8.0.0",
        "contentHash": "3lE/iLSutpgX1CC0NOW70FJoGARRHbyKmG7dc0klnUZ9Dd9hS6N/POPWhKhMLCEuNN5nXEY5agmlFtH562vqhQ==",
        "dependencies": {
          "Microsoft.Extensions.Primitives": "8.0.0"
        }
      },
      "Microsoft.Extensions.Configuration.Binder": {
        "type": "Transitive",
        "resolved": "8.0.0",
        "contentHash": "mBMoXLsr5s1y2zOHWmKsE9veDcx8h1x/c3rz4baEdQKTeDcmQAPNbB54Pi/lhFO3K431eEq6PFbMgLaa6PHFfA==",
        "dependencies": {
          "Microsoft.Extensions.Configuration.Abstractions": "8.0.0"
        }
      },
      "Microsoft.Extensions.Configuration.CommandLine": {
        "type": "Transitive",
        "resolved": "5.0.0",
        "contentHash": "OelM+VQdhZ0XMXsEQBq/bt3kFzD+EBGqR4TAgFDRAye0JfvHAaRi+3BxCRcwqUAwDhV0U0HieljBGHlTgYseRA==",
        "dependencies": {
          "Microsoft.Extensions.Configuration": "5.0.0",
          "Microsoft.Extensions.Configuration.Abstractions": "5.0.0"
        }
      },
      "Microsoft.Extensions.Configuration.EnvironmentVariables": {
        "type": "Transitive",
        "resolved": "5.0.0",
        "contentHash": "fqh6y6hAi0Z0fRsb4B/mP9OkKkSlifh5osa+N/YSQ+/S2a//+zYApZMUC1XeP9fdjlgZoPQoZ72Q2eLHyKLddQ==",
        "dependencies": {
          "Microsoft.Extensions.Configuration": "5.0.0",
          "Microsoft.Extensions.Configuration.Abstractions": "5.0.0"
        }
      },
      "Microsoft.Extensions.Configuration.FileExtensions": {
        "type": "Transitive",
        "resolved": "5.0.0",
        "contentHash": "rRdspYKA18ViPOISwAihhCMbusHsARCOtDMwa23f+BGEdIjpKPlhs3LLjmKlxfhpGXBjIsS0JpXcChjRUN+PAw==",
        "dependencies": {
          "Microsoft.Extensions.Configuration": "5.0.0",
          "Microsoft.Extensions.Configuration.Abstractions": "5.0.0",
          "Microsoft.Extensions.FileProviders.Abstractions": "5.0.0",
          "Microsoft.Extensions.FileProviders.Physical": "5.0.0",
          "Microsoft.Extensions.Primitives": "5.0.0"
        }
      },
      "Microsoft.Extensions.Configuration.Json": {
        "type": "Transitive",
        "resolved": "5.0.0",
        "contentHash": "Pak8ymSUfdzPfBTLHxeOwcR32YDbuVfhnH2hkfOLnJNQd19ItlBdpMjIDY9C5O/nS2Sn9bzDMai0ZrvF7KyY/Q==",
        "dependencies": {
          "Microsoft.Extensions.Configuration": "5.0.0",
          "Microsoft.Extensions.Configuration.Abstractions": "5.0.0",
          "Microsoft.Extensions.Configuration.FileExtensions": "5.0.0",
          "Microsoft.Extensions.FileProviders.Abstractions": "5.0.0"
        }
      },
      "Microsoft.Extensions.Configuration.UserSecrets": {
        "type": "Transitive",
        "resolved": "5.0.0",
        "contentHash": "+tK3seG68106lN277YWQvqmfyI/89w0uTu/5Gz5VYSUu5TI4mqwsaWLlSmT9Bl1yW/i1Nr06gHJxqaqB5NU9Tw==",
        "dependencies": {
          "Microsoft.Extensions.Configuration.Abstractions": "5.0.0",
          "Microsoft.Extensions.Configuration.Json": "5.0.0",
          "Microsoft.Extensions.FileProviders.Abstractions": "5.0.0",
          "Microsoft.Extensions.FileProviders.Physical": "5.0.0"
        }
      },
      "Microsoft.Extensions.DependencyInjection.Abstractions": {
        "type": "Transitive",
        "resolved": "8.0.1",
        "contentHash": "fGLiCRLMYd00JYpClraLjJTNKLmMJPnqxMaiRzEBIIvevlzxz33mXy39Lkd48hu1G+N21S7QpaO5ZzKsI6FRuA=="
      },
      "Microsoft.Extensions.Diagnostics.Abstractions": {
        "type": "Transitive",
        "resolved": "8.0.0",
        "contentHash": "JHYCQG7HmugNYUhOl368g+NMxYE/N/AiclCYRNlgCY9eVyiBkOHMwK4x60RYMxv9EL3+rmj1mqHvdCiPpC+D4Q==",
        "dependencies": {
          "Microsoft.Extensions.DependencyInjection.Abstractions": "8.0.0",
          "Microsoft.Extensions.Options": "8.0.0",
          "System.Diagnostics.DiagnosticSource": "8.0.0"
        }
      },
      "Microsoft.Extensions.Diagnostics.HealthChecks": {
        "type": "Transitive",
        "resolved": "8.0.8",
        "contentHash": "Wg8OpwQgQLuYZQlSyNQSjp9GMubE0DKU/g5BTv0nWlShp8qm8stzV+cJRcSe/6l+Kk9XkdIfW7qbwYWI2wKYwA==",
        "dependencies": {
          "Microsoft.Extensions.Diagnostics.HealthChecks.Abstractions": "8.0.8",
          "Microsoft.Extensions.Hosting.Abstractions": "8.0.0",
          "Microsoft.Extensions.Logging.Abstractions": "8.0.1",
          "Microsoft.Extensions.Options": "8.0.2"
        }
      },
      "Microsoft.Extensions.Diagnostics.HealthChecks.Abstractions": {
        "type": "Transitive",
        "resolved": "8.0.8",
        "contentHash": "KcX0+6EeNcN3EpoIoLVh42s72n/6LWCmWKQwf3+gcl3ovIWPO27eikrRW8M8n86Rpto9mSzk/4ag/3CVX3SpJg=="
      },
      "Microsoft.Extensions.FileProviders.Abstractions": {
        "type": "Transitive",
        "resolved": "8.0.0",
        "contentHash": "ZbaMlhJlpisjuWbvXr4LdAst/1XxH3vZ6A0BsgTphZ2L4PGuxRLz7Jr/S7mkAAnOn78Vu0fKhEgNF5JO3zfjqQ==",
        "dependencies": {
          "Microsoft.Extensions.Primitives": "8.0.0"
        }
      },
      "Microsoft.Extensions.FileProviders.Physical": {
        "type": "Transitive",
        "resolved": "5.0.0",
        "contentHash": "1rkd8UO2qf21biwO7X0hL9uHP7vtfmdv/NLvKgCRHkdz1XnW8zVQJXyEYiN68WYpExgtVWn55QF0qBzgfh1mGg==",
        "dependencies": {
          "Microsoft.Extensions.FileProviders.Abstractions": "5.0.0",
          "Microsoft.Extensions.FileSystemGlobbing": "5.0.0",
          "Microsoft.Extensions.Primitives": "5.0.0"
        }
      },
      "Microsoft.Extensions.FileSystemGlobbing": {
        "type": "Transitive",
        "resolved": "5.0.0",
        "contentHash": "ArliS8lGk8sWRtrWpqI8yUVYJpRruPjCDT+EIjrgkA/AAPRctlAkRISVZ334chAKktTLzD1+PK8F5IZpGedSqA=="
      },
      "Microsoft.Extensions.Hosting": {
        "type": "Transitive",
        "resolved": "5.0.0",
        "contentHash": "hiokSU1TOVfcqpQAnpiOzP2rE9p+niq92g5yeAnwlbSrUlIdIS6M8emCknZvhdOagQA9x5YWNwe1n0kFUwE0NQ==",
        "dependencies": {
          "Microsoft.Extensions.Configuration": "5.0.0",
          "Microsoft.Extensions.Configuration.Abstractions": "5.0.0",
          "Microsoft.Extensions.Configuration.Binder": "5.0.0",
          "Microsoft.Extensions.Configuration.CommandLine": "5.0.0",
          "Microsoft.Extensions.Configuration.EnvironmentVariables": "5.0.0",
          "Microsoft.Extensions.Configuration.FileExtensions": "5.0.0",
          "Microsoft.Extensions.Configuration.Json": "5.0.0",
          "Microsoft.Extensions.Configuration.UserSecrets": "5.0.0",
          "Microsoft.Extensions.DependencyInjection": "5.0.0",
          "Microsoft.Extensions.DependencyInjection.Abstractions": "5.0.0",
          "Microsoft.Extensions.FileProviders.Abstractions": "5.0.0",
          "Microsoft.Extensions.FileProviders.Physical": "5.0.0",
          "Microsoft.Extensions.Hosting.Abstractions": "5.0.0",
          "Microsoft.Extensions.Logging": "5.0.0",
          "Microsoft.Extensions.Logging.Abstractions": "5.0.0",
          "Microsoft.Extensions.Logging.Configuration": "5.0.0",
          "Microsoft.Extensions.Logging.Console": "5.0.0",
          "Microsoft.Extensions.Logging.Debug": "5.0.0",
          "Microsoft.Extensions.Logging.EventLog": "5.0.0",
          "Microsoft.Extensions.Logging.EventSource": "5.0.0",
          "Microsoft.Extensions.Options": "5.0.0"
        }
      },
      "Microsoft.Extensions.Hosting.Abstractions": {
        "type": "Transitive",
        "resolved": "8.0.0",
        "contentHash": "AG7HWwVRdCHlaA++1oKDxLsXIBxmDpMPb3VoyOoAghEWnkUvEAdYQUwnV4jJbAaa/nMYNiEh5ByoLauZBEiovg==",
        "dependencies": {
          "Microsoft.Extensions.Configuration.Abstractions": "8.0.0",
          "Microsoft.Extensions.DependencyInjection.Abstractions": "8.0.0",
          "Microsoft.Extensions.Diagnostics.Abstractions": "8.0.0",
          "Microsoft.Extensions.FileProviders.Abstractions": "8.0.0",
          "Microsoft.Extensions.Logging.Abstractions": "8.0.0"
        }
      },
      "Microsoft.Extensions.Http": {
        "type": "Transitive",
        "resolved": "6.0.0",
        "contentHash": "15+pa2G0bAMHbHewaQIdr/y6ag2H3yh4rd9hTXavtWDzQBkvpe2RMqFg8BxDpcQWssmjmBApGPcw93QRz6YcMg==",
        "dependencies": {
          "Microsoft.Extensions.DependencyInjection.Abstractions": "6.0.0",
          "Microsoft.Extensions.Logging": "6.0.0",
          "Microsoft.Extensions.Logging.Abstractions": "6.0.0",
          "Microsoft.Extensions.Options": "6.0.0"
        }
      },
      "Microsoft.Extensions.Logging": {
        "type": "Transitive",
        "resolved": "6.0.0",
        "contentHash": "eIbyj40QDg1NDz0HBW0S5f3wrLVnKWnDJ/JtZ+yJDFnDj90VoPuoPmFkeaXrtu+0cKm5GRAwoDf+dBWXK0TUdg==",
        "dependencies": {
          "Microsoft.Extensions.DependencyInjection": "6.0.0",
          "Microsoft.Extensions.DependencyInjection.Abstractions": "6.0.0",
          "Microsoft.Extensions.Logging.Abstractions": "6.0.0",
          "Microsoft.Extensions.Options": "6.0.0",
          "System.Diagnostics.DiagnosticSource": "6.0.0"
        }
      },
      "Microsoft.Extensions.Logging.Abstractions": {
        "type": "Transitive",
        "resolved": "8.0.1",
        "contentHash": "RIFgaqoaINxkM2KTOw72dmilDmTrYA0ns2KW4lDz4gZ2+o6IQ894CzmdL3StM2oh7QQq44nCWiqKqc4qUI9Jmg==",
        "dependencies": {
          "Microsoft.Extensions.DependencyInjection.Abstractions": "8.0.1"
        }
      },
      "Microsoft.Extensions.Logging.Configuration": {
        "type": "Transitive",
        "resolved": "5.0.0",
        "contentHash": "N3/d0HeMRnBekadbZlmbp+In8EvNNkQHSdbtRzjrGVckdZWpYs5GNrAfaYqVplDFW0WUedSaFJ3khB50BWYGsw==",
        "dependencies": {
          "Microsoft.Extensions.Configuration": "5.0.0",
          "Microsoft.Extensions.Configuration.Abstractions": "5.0.0",
          "Microsoft.Extensions.Configuration.Binder": "5.0.0",
          "Microsoft.Extensions.DependencyInjection.Abstractions": "5.0.0",
          "Microsoft.Extensions.Logging": "5.0.0",
          "Microsoft.Extensions.Logging.Abstractions": "5.0.0",
          "Microsoft.Extensions.Options": "5.0.0",
          "Microsoft.Extensions.Options.ConfigurationExtensions": "5.0.0"
        }
      },
      "Microsoft.Extensions.Logging.Console": {
        "type": "Transitive",
        "resolved": "5.0.0",
        "contentHash": "jH0wbWhfvXjOVmCkbra4vbiovDtTUIWLQjCeJ7Xun3h4AHvwfzm7V7wlsXKs3tNnPrsCxZ9oaV0vUAgGY1JxOA==",
        "dependencies": {
          "Microsoft.Extensions.Configuration.Abstractions": "5.0.0",
          "Microsoft.Extensions.DependencyInjection.Abstractions": "5.0.0",
          "Microsoft.Extensions.Logging": "5.0.0",
          "Microsoft.Extensions.Logging.Abstractions": "5.0.0",
          "Microsoft.Extensions.Logging.Configuration": "5.0.0",
          "Microsoft.Extensions.Options": "5.0.0",
          "Microsoft.Extensions.Options.ConfigurationExtensions": "5.0.0"
        }
      },
      "Microsoft.Extensions.Logging.Debug": {
        "type": "Transitive",
        "resolved": "5.0.0",
        "contentHash": "9dvt0xqRrClvhaPNpfyS39WxnW9G55l5lrV5ZX7IrEgwo4VwtmJKtoPiKVYKbhAuOBGUI5WY3hWLvF+PSbJp5A==",
        "dependencies": {
          "Microsoft.Extensions.DependencyInjection.Abstractions": "5.0.0",
          "Microsoft.Extensions.Logging": "5.0.0",
          "Microsoft.Extensions.Logging.Abstractions": "5.0.0"
        }
      },
      "Microsoft.Extensions.Logging.EventLog": {
        "type": "Transitive",
        "resolved": "5.0.0",
        "contentHash": "CYzsgF2lqgahGl/HuErsIDaZZ9ueN+MBjGfO/0jVDLPaXLaywxlGKFpDgXMaB053DRYZwD1H2Lb1I60mTXS3jg==",
        "dependencies": {
          "Microsoft.Extensions.DependencyInjection.Abstractions": "5.0.0",
          "Microsoft.Extensions.Logging": "5.0.0",
          "Microsoft.Extensions.Logging.Abstractions": "5.0.0",
          "Microsoft.Extensions.Options": "5.0.0",
          "System.Diagnostics.EventLog": "5.0.0"
        }
      },
      "Microsoft.Extensions.Logging.EventSource": {
        "type": "Transitive",
        "resolved": "5.0.0",
        "contentHash": "hF+D6PJkrM0qXcSEGs1BwZwgP8c0BRkj26P/5wmYTcHKOp52GRey/Z/YKRmRIHIrXxj9tz/JgIjU9oWmiJ5HMw==",
        "dependencies": {
          "Microsoft.Extensions.DependencyInjection.Abstractions": "5.0.0",
          "Microsoft.Extensions.Logging": "5.0.0",
          "Microsoft.Extensions.Logging.Abstractions": "5.0.0",
          "Microsoft.Extensions.Options": "5.0.0",
          "Microsoft.Extensions.Primitives": "5.0.0"
        }
      },
      "Microsoft.Extensions.ObjectPool": {
        "type": "Transitive",
        "resolved": "2.2.0",
        "contentHash": "gA8H7uQOnM5gb+L0uTNjViHYr+hRDqCdfugheGo/MxQnuHzmhhzCBTIPm19qL1z1Xe0NEMabfcOBGv9QghlZ8g=="
      },
      "Microsoft.Extensions.Options": {
        "type": "Transitive",
        "resolved": "8.0.2",
        "contentHash": "dWGKvhFybsaZpGmzkGCbNNwBD1rVlWzrZKANLW/CcbFJpCEceMCGzT7zZwHOGBCbwM0SzBuceMj5HN1LKV1QqA==",
        "dependencies": {
          "Microsoft.Extensions.DependencyInjection.Abstractions": "8.0.0",
          "Microsoft.Extensions.Primitives": "8.0.0"
        }
      },
      "Microsoft.Extensions.Options.ConfigurationExtensions": {
        "type": "Transitive",
        "resolved": "8.0.0",
        "contentHash": "0f4DMRqEd50zQh+UyJc+/HiBsZ3vhAQALgdkcQEalSH1L2isdC7Yj54M3cyo5e+BeO5fcBQ7Dxly8XiBBcvRgw==",
        "dependencies": {
          "Microsoft.Extensions.Configuration.Abstractions": "8.0.0",
          "Microsoft.Extensions.Configuration.Binder": "8.0.0",
          "Microsoft.Extensions.DependencyInjection.Abstractions": "8.0.0",
          "Microsoft.Extensions.Options": "8.0.0",
          "Microsoft.Extensions.Primitives": "8.0.0"
        }
      },
      "Microsoft.Extensions.Primitives": {
        "type": "Transitive",
        "resolved": "8.0.0",
        "contentHash": "bXJEZrW9ny8vjMF1JV253WeLhpEVzFo1lyaZu1vQ4ZxWUlVvknZ/+ftFgVheLubb4eZPSwwxBeqS1JkCOjxd8g=="
      },
      "Microsoft.Identity.Client": {
        "type": "Transitive",
        "resolved": "4.61.3",
        "contentHash": "naJo/Qm35Caaoxp5utcw+R8eU8ZtLz2ALh8S+gkekOYQ1oazfCQMWVT4NJ/FnHzdIJlm8dMz0oMpMGCabx5odA==",
        "dependencies": {
          "Microsoft.IdentityModel.Abstractions": "6.35.0",
          "System.Diagnostics.DiagnosticSource": "6.0.1"
        }
      },
      "Microsoft.Identity.Client.Extensions.Msal": {
        "type": "Transitive",
        "resolved": "4.61.3",
        "contentHash": "PWnJcznrSGr25MN8ajlc2XIDW4zCFu0U6FkpaNLEWLgd1NgFCp5uDY3mqLDgM8zCN8hqj8yo5wHYfLB2HjcdGw==",
        "dependencies": {
          "Microsoft.Identity.Client": "4.61.3",
          "System.Security.Cryptography.ProtectedData": "4.5.0"
        }
      },
      "Microsoft.IdentityModel.Abstractions": {
        "type": "Transitive",
        "resolved": "6.35.0",
        "contentHash": "xuR8E4Rd96M41CnUSCiOJ2DBh+z+zQSmyrYHdYhD6K4fXBcQGVnRCFQ0efROUYpP+p0zC1BLKr0JRpVuujTZSg=="
      },
      "Microsoft.Net.Http.Headers": {
        "type": "Transitive",
        "resolved": "2.2.0",
        "contentHash": "iZNkjYqlo8sIOI0bQfpsSoMTmB/kyvmV2h225ihyZT33aTp48ZpF6qYnXxzSXmHt8DpBAwBTX+1s1UFLbYfZKg==",
        "dependencies": {
          "Microsoft.Extensions.Primitives": "2.2.0",
          "System.Buffers": "4.5.0"
        }
      },
      "Microsoft.TestPlatform.ObjectModel": {
        "type": "Transitive",
        "resolved": "17.11.0",
        "contentHash": "PU+CC1yRzbR0IllrtdILaeep7WP5OIrvmWrvCMqG3jB1h4F6Ur7CYHl6ENbDVXPzEvygXh0GWbTyrbjfvgTpAg==",
        "dependencies": {
          "System.Reflection.Metadata": "1.6.0"
        }
      },
      "Microsoft.TestPlatform.TestHost": {
        "type": "Transitive",
        "resolved": "17.11.0",
        "contentHash": "KMzJO3dm3+9W8JRQ3IDviu0v7uXP5Lgii6TuxMc5m8ynaqcGnn7Y18cMb5AsP2xp59uUHO474WZrssxBdb8ZxQ==",
        "dependencies": {
          "Microsoft.TestPlatform.ObjectModel": "17.11.0",
          "Newtonsoft.Json": "13.0.1"
        }
      },
      "Newtonsoft.Json": {
        "type": "Transitive",
        "resolved": "13.0.3",
        "contentHash": "HrC5BXdl00IP9zeV+0Z848QWPAoCr9P3bDEZguI+gkLcBKAOxix/tLEAAHC+UvDNPv4a2d18lOReHMOagPa+zQ=="
      },
      "RestSharp": {
        "type": "Transitive",
        "resolved": "108.0.4",
        "contentHash": "VTRxpuw0893sfsXKFv0KO9d8evMEvh7jy7YB9GoKhZ9E68R/s1Lar/J/hGtz0PdIPd7e5Dd5tVqqb71XTS+APA=="
      },
      "RestSharp.Serializers.NewtonsoftJson": {
        "type": "Transitive",
        "resolved": "108.0.4",
        "contentHash": "Uw1iN5zht7oBr88b24SPJ0dXZAuZb/F/a1aNErPGh4BuQf5jTQN5CKthmx2AWgOqiYilqRe6Zr747wuWFuHm3A==",
        "dependencies": {
          "Newtonsoft.Json": "13.0.1",
          "RestSharp": "108.0.4"
        }
      },
      "System.Buffers": {
        "type": "Transitive",
        "resolved": "4.5.0",
        "contentHash": "pL2ChpaRRWI/p4LXyy4RgeWlYF2sgfj/pnVMvBqwNFr5cXg7CXNnWZWxrOONLg8VGdFB8oB+EG2Qw4MLgTOe+A=="
      },
      "System.ClientModel": {
        "type": "Transitive",
        "resolved": "1.0.0",
        "contentHash": "I3CVkvxeqFYjIVEP59DnjbeoGNfo/+SZrCLpRz2v/g0gpCHaEMPtWSY0s9k/7jR1rAsLNg2z2u1JRB76tPjnIw==",
        "dependencies": {
          "System.Memory.Data": "1.0.2",
          "System.Text.Json": "4.7.2"
        }
      },
      "System.Collections.Immutable": {
        "type": "Transitive",
        "resolved": "5.0.0",
        "contentHash": "FXkLXiK0sVVewcso0imKQoOxjoPAj42R8HtjjbSjVPAzwDfzoyoznWxgA3c38LDbN9SJux1xXoXYAhz98j7r2g=="
      },
      "System.Diagnostics.DiagnosticSource": {
        "type": "Transitive",
        "resolved": "8.0.0",
        "contentHash": "c9xLpVz6PL9lp/djOWtk5KPDZq3cSYpmXoJQY524EOtuFl5z9ZtsotpsyrDW40U1DRnQSYvcPKEUV0X//u6gkQ=="
      },
      "System.Diagnostics.EventLog": {
        "type": "Transitive",
        "resolved": "6.0.0",
        "contentHash": "lcyUiXTsETK2ALsZrX+nWuHSIQeazhqPphLfaRxzdGaG93+0kELqpgEHtwWOlQe7+jSFnKwaCAgL4kjeZCQJnw=="
      },
      "System.Memory": {
        "type": "Transitive",
        "resolved": "4.5.4",
        "contentHash": "1MbJTHS1lZ4bS4FmsJjnuGJOu88ZzTT2rLvrhW7Ygic+pC0NWA+3hgAen0HRdsocuQXCkUTdFn9yHJJhsijDXw=="
      },
      "System.Memory.Data": {
        "type": "Transitive",
        "resolved": "1.0.2",
        "contentHash": "JGkzeqgBsiZwKJZ1IxPNsDFZDhUvuEdX8L8BDC8N3KOj+6zMcNU28CNN59TpZE/VJYy9cP+5M+sbxtWJx3/xtw==",
        "dependencies": {
          "System.Text.Encodings.Web": "4.7.2",
          "System.Text.Json": "4.6.0"
        }
      },
      "System.Numerics.Vectors": {
        "type": "Transitive",
        "resolved": "4.5.0",
        "contentHash": "QQTlPTl06J/iiDbJCiepZ4H//BVraReU4O4EoRw1U02H5TLUIT7xn3GnDp9AXPSlJUDyFs4uWjWafNX6WrAojQ=="
      },
      "System.Reflection.Metadata": {
        "type": "Transitive",
        "resolved": "1.6.0",
        "contentHash": "COC1aiAJjCoA5GBF+QKL2uLqEBew4JsCkQmoHKbN3TlOZKa2fKLz5CpiRQKDz0RsAOEGsVKqOD5bomsXq/4STQ=="
      },
      "System.Reflection.TypeExtensions": {
        "type": "Transitive",
        "resolved": "4.7.0",
        "contentHash": "VybpaOQQhqE6siHppMktjfGBw1GCwvCqiufqmP8F1nj7fTUNtW35LOEt3UZTEsECfo+ELAl/9o9nJx3U91i7vA=="
      },
      "System.Security.Cryptography.ProtectedData": {
        "type": "Transitive",
        "resolved": "4.7.0",
        "contentHash": "ehYW0m9ptxpGWvE4zgqongBVWpSDU/JCFD4K7krxkQwSz/sFQjEXCUqpvencjy6DYDbn7Ig09R8GFffu8TtneQ=="
      },
      "System.Text.Encodings.Web": {
        "type": "Transitive",
        "resolved": "8.0.0",
        "contentHash": "yev/k9GHAEGx2Rg3/tU6MQh4HGBXJs70y7j1LaM1i/ER9po+6nnQ6RRqTJn1E7Xu0fbIFK80Nh5EoODxrbxwBQ=="
      },
      "System.Text.Json": {
        "type": "Transitive",
        "resolved": "4.7.2",
        "contentHash": "TcMd95wcrubm9nHvJEQs70rC0H/8omiSGGpU4FQ/ZA1URIqD4pjmFJh2Mfv1yH1eHgJDWTi2hMDXwTET+zOOyg=="
      },
      "System.Threading.Channels": {
        "type": "Transitive",
        "resolved": "4.7.1",
        "contentHash": "6akRtHK/wab3246t4p5v3HQrtQk8LboOt5T4dtpNgsp3zvDeM4/Gx8V12t0h+c/W9/enUrilk8n6EQqdQorZAA=="
      },
      "System.Threading.Tasks.Extensions": {
        "type": "Transitive",
        "resolved": "4.5.4",
        "contentHash": "zteT+G8xuGu6mS+mzDzYXbzS7rd3K6Fjb9RiZlYlJPam2/hU7JCBZBVEcywNuR+oZ1ncTvc/cq0faRr3P01OVg=="
      },
      "xunit.abstractions": {
        "type": "Transitive",
        "resolved": "2.0.3",
        "contentHash": "pot1I4YOxlWjIb5jmwvvQNbTrZ3lJQ+jUGkGjWE3hEFM0l5gOnBWS+H3qsex68s5cO52g+44vpGzhAt+42vwKg=="
      },
      "xunit.analyzers": {
        "type": "Transitive",
        "resolved": "1.15.0",
        "contentHash": "s+M8K/Rtlgr6CmD7AYQKrNTvT5sh0l0ZKDoZ3Z/ExhlIwfV9mGAMR4f7KqIB7SSK7ZOhqDTgTUMYPmKfmvWUWQ=="
      },
      "xunit.assert": {
        "type": "Transitive",
        "resolved": "2.9.0",
        "contentHash": "Z/1pyia//860wEYTKn6Q5dmgikJdRjgE4t5AoxJkK8oTmidzPLEPG574kmm7LFkMLbH6Frwmgb750kcyR+hwoA=="
      },
      "xunit.core": {
        "type": "Transitive",
        "resolved": "2.9.0",
        "contentHash": "uRaop9tZsZMCaUS4AfbSPGYHtvywWnm8XXFNUqII7ShWyDBgdchY6gyDNgO4AK1Lv/1NNW61Zq63CsDV6oH6Jg==",
        "dependencies": {
          "xunit.extensibility.core": "[2.9.0]",
          "xunit.extensibility.execution": "[2.9.0]"
        }
      },
      "xunit.extensibility.core": {
        "type": "Transitive",
        "resolved": "2.9.0",
        "contentHash": "zjDEUSxsr6UNij4gIwCgMqQox+oLDPRZ+mubwWLci+SssPBFQD1xeRR4SvgBuXqbE0QXCJ/STVTp+lxiB5NLVA==",
        "dependencies": {
          "xunit.abstractions": "2.0.3"
        }
      },
      "xunit.extensibility.execution": {
        "type": "Transitive",
        "resolved": "2.9.0",
        "contentHash": "5ZTQZvmPLlBw6QzCOwM0KnMsZw6eGjbmC176QHZlcbQoMhGIeGcYzYwn5w9yXxf+4phtplMuVqTpTbFDQh2bqQ==",
        "dependencies": {
          "xunit.extensibility.core": "[2.9.0]"
        }
      },
      "lueben.microservice.eventhub": {
        "type": "Project",
        "dependencies": {
          "Azure.Identity": "[1.12.0, )",
          "Azure.Messaging.EventHubs": "[5.7.5, )",
          "Lueben.Microservice.Extensions.Configuration": "[3.0.0, )",
          "Microsoft.Extensions.Azure": "[1.6.0, )",
          "Microsoft.Extensions.Logging": "[6.0.0, )",
          "Newtonsoft.Json": "[13.0.2, )"
        }
      },
      "lueben.microservice.eventhub.healthcheck": {
        "type": "Project",
        "dependencies": {
          "Lueben.Microservice.EventHub": "[3.1.3, )",
          "Microsoft.Extensions.Diagnostics.HealthChecks": "[6.0.14, )"
        }
      },
      "lueben.microservice.extensions.configuration": {
        "type": "Project",
        "dependencies": {
          "Microsoft.Extensions.DependencyInjection": "[8.0.0, )",
          "Microsoft.Extensions.Options.ConfigurationExtensions": "[8.0.0, )"
        }
      },
      "lueben.microservice.healthchecks": {
        "type": "Project",
        "dependencies": {
          "Lueben.Microservice.Serialization": "[3.0.0, )",
          "Microsoft.Azure.Functions.Worker.Extensions.Http": "[3.2.0, )",
          "Microsoft.Azure.Functions.Worker.Extensions.Http.AspNetCore": "[1.3.2, )",
          "Microsoft.Extensions.Diagnostics.HealthChecks": "[8.0.8, )",
          "Microsoft.Extensions.Logging.Abstractions": "[8.0.1, )",
          "System.Text.Encodings.Web": "[8.0.0, )"
        }
      },
      "lueben.microservice.restsharpclient": {
        "type": "Project",
        "dependencies": {
          "Lueben.Microservice.RestSharpClient.Abstractions": "[2.0.5, )",
          "Microsoft.Extensions.Http": "[2.2.0, )",
          "Microsoft.Extensions.Logging.Abstractions": "[6.0.3, )",
          "RestSharp.Serializers.NewtonsoftJson": "[108.0.4, )",
          "System.Diagnostics.DiagnosticSource": "[6.0.0, )",
          "System.Text.Encodings.Web": "[6.0.0, )"
        }
      },
      "lueben.microservice.restsharpclient.abstractions": {
        "type": "Project",
        "dependencies": {
          "RestSharp": "[108.0.3, )",
          "System.Text.Encodings.Web": "[6.0.0, )"
        }
      },
      "lueben.microservice.restsharpclient.healthcheck": {
        "type": "Project",
        "dependencies": {
          "Lueben.Microservice.RestSharpClient": "[4.1.1, )",
          "Microsoft.Extensions.Diagnostics.HealthChecks": "[6.0.14, )"
        }
      },
      "lueben.microservice.serialization": {
        "type": "Project",
        "dependencies": {
          "Newtonsoft.Json": "[13.0.3, )"
        }
      }
    }
  }
}